
Microsoft Visual Studio Solution File, Format Version 12.00
# Visual Studio Version 16
VisualStudioVersion = 16.0.32106.194
MinimumVisualStudioVersion = 10.0.40219.1
Project("{FAE04EC0-301F-11D3-BF4B-00C04F79EFBC}") = "Curso1DesignPatterns", "Curso1DesignPatterns\Curso1DesignPatterns.csproj", "{179702A6-16FD-4836-A69E-F4FB7003FD63}"
EndProject
Global
	GlobalSection(SolutionConfigurationPlatforms) = preSolution
		Debug|Any CPU = Debug|Any CPU
		Release|Any CPU = Release|Any CPU
	EndGlobalSection
	GlobalSection(ProjectConfigurationPlatforms) = postSolution
		{179702A6-16FD-4836-A69E-F4FB7003FD63}.Debug|Any CPU.ActiveCfg = Debug|Any CPU
		{179702A6-16FD-4836-A69E-F4FB7003FD63}.Debug|Any CPU.Build.0 = Debug|Any CPU
		{179702A6-16FD-4836-A69E-F4FB7003FD63}.Release|Any CPU.ActiveCfg = Release|Any CPU
		{179702A6-16FD-4836-A69E-F4FB7003FD63}.Release|Any CPU.Build.0 = Release|Any CPU
	EndGlobalSection
	GlobalSection(SolutionProperties) = preSolution
		HideSolutionNode = FALSE
	EndGlobalSection
	GlobalSection(ExtensibilityGlobals) = postSolution
		SolutionGuid = {65A68F1B-BA5C-418A-87BB-96BB628563E7}
	EndGlobalSection
EndGlobal
